
Microsoft Visual Studio Solution File, Format Version 11.00
# Visual Studio 2010
Project("{FAE04EC0-301F-11D3-BF4B-00C04F79EFBC}") = "Assembly-CSharp", "Assembly-CSharp.csproj", "{f0e92c17-1e90-c8ef-e3a0-718b44759e41}"
EndProject
Project("{FAE04EC0-301F-11D3-BF4B-00C04F79EFBC}") = "NavMeshPlus", "NavMeshPlus.csproj", "{708a2e8d-6535-3434-7542-2a826a56a32d}"
EndProject
Project("{FAE04EC0-301F-11D3-BF4B-00C04F79EFBC}") = "NavMeshPlusEditor", "NavMeshPlusEditor.csproj", "{20fd493a-c851-27d9-8f0b-ebc8c97da905}"
EndProject
Project("{FAE04EC0-301F-11D3-BF4B-00C04F79EFBC}") = "Assembly-CSharp-Editor", "Assembly-CSharp-Editor.csproj", "{f3dcc6ad-c6ce-cff9-215c-55dfb23995d6}"
EndProject
Global
	GlobalSection(SolutionConfigurationPlatforms) = preSolution
		Debug|Any CPU = Debug|Any CPU
	EndGlobalSection
	GlobalSection(ProjectConfigurationPlatforms) = postSolution
		{f0e92c17-1e90-c8ef-e3a0-718b44759e41}.Debug|Any CPU.ActiveCfg = Debug|Any CPU
		{f0e92c17-1e90-c8ef-e3a0-718b44759e41}.Debug|Any CPU.Build.0 = Debug|Any CPU
		{708a2e8d-6535-3434-7542-2a826a56a32d}.Debug|Any CPU.ActiveCfg = Debug|Any CPU
		{708a2e8d-6535-3434-7542-2a826a56a32d}.Debug|Any CPU.Build.0 = Debug|Any CPU
		{20fd493a-c851-27d9-8f0b-ebc8c97da905}.Debug|Any CPU.ActiveCfg = Debug|Any CPU
		{20fd493a-c851-27d9-8f0b-ebc8c97da905}.Debug|Any CPU.Build.0 = Debug|Any CPU
		{f3dcc6ad-c6ce-cff9-215c-55dfb23995d6}.Debug|Any CPU.ActiveCfg = Debug|Any CPU
		{f3dcc6ad-c6ce-cff9-215c-55dfb23995d6}.Debug|Any CPU.Build.0 = Debug|Any CPU
	EndGlobalSection
	GlobalSection(SolutionProperties) = preSolution
		HideSolutionNode = FALSE
	EndGlobalSection
EndGlobal
